
Microsoft Visual Studio Solution File, Format Version 12.00
# Visual Studio 15
VisualStudioVersion = 15.0.27004.2006
MinimumVisualStudioVersion = 10.0.40219.1
Project("{FAE04EC0-301F-11D3-BF4B-00C04F79EFBC}") = "RestaurantReceipt", "RestaurantReceipt\RestaurantReceipt.csproj", "{5091390B-EC10-42C0-B150-85C1D46B20A0}"
EndProject
Global
	GlobalSection(SolutionConfigurationPlatforms) = preSolution
		Debug|Any CPU = Debug|Any CPU
		Release|Any CPU = Release|Any CPU
	EndGlobalSection
	GlobalSection(ProjectConfigurationPlatforms) = postSolution
		{5091390B-EC10-42C0-B150-85C1D46B20A0}.Debug|Any CPU.ActiveCfg = Debug|Any CPU
		{5091390B-EC10-42C0-B150-85C1D46B20A0}.Debug|Any CPU.Build.0 = Debug|Any CPU
		{5091390B-EC10-42C0-B150-85C1D46B20A0}.Release|Any CPU.ActiveCfg = Release|Any CPU
		{5091390B-EC10-42C0-B150-85C1D46B20A0}.Release|Any CPU.Build.0 = Release|Any CPU
	EndGlobalSection
	GlobalSection(SolutionProperties) = preSolution
		HideSolutionNode = FALSE
	EndGlobalSection
	GlobalSection(ExtensibilityGlobals) = postSolution
		SolutionGuid = {D1F7EDFE-077C-4C2F-865D-05E550FD750A}
	EndGlobalSection
EndGlobal
